{
  "name": "course-selection-app",
  "version": "1.0.0",
  "lockfileVersion": 2,
  "requires": true,
  "packages": {
    "": {
      "version": "1.0.0",
      "license": "MIT",
      "dependencies": {
        "lit-html": "^1.4.1",
        "nexinterface": "^3.0.10",
        "nexstate": "^5.0.7",
        "nexwidget": "^5.0.7"
      },
      "devDependencies": {
        "esbuild": "^0.12.22",
        "typescript": "^4.3.5"
      }
    },
    "node_modules/esbuild": {
      "version": "0.12.22",
      "resolved": "https://registry.npmjs.org/esbuild/-/esbuild-0.12.22.tgz",
      "integrity": "sha512-yWCr9RoFehpqoe/+MwZXJpYOEIt7KOEvNnjIeMZpMSyQt+KCBASM3y7yViiN5dJRphf1wGdUz1+M4rTtWd/ulA==",
      "dev": true,
      "hasInstallScript": true,
      "bin": {
        "esbuild": "bin/esbuild"
      }
    },
    "node_modules/lit-html": {
      "version": "1.4.1",
      "resolved": "https://registry.npmjs.org/lit-html/-/lit-html-1.4.1.tgz",
      "integrity": "sha512-B9btcSgPYb1q4oSOb/PrOT6Z/H+r6xuNzfH4lFli/AWhYwdtrgQkQWBbIc6mdnf6E2IL3gDXdkkqNktpU0OZQA=="
    },
    "node_modules/nexbounce": {
      "version": "5.0.3",
      "resolved": "https://registry.npmjs.org/nexbounce/-/nexbounce-5.0.3.tgz",
      "integrity": "sha512-ojtzXY2VeiTyI1Xi9/zJf2Ey5tTwrC6dvY7DxNzFqAVCJNVikgIVEWIEZsXsU4L1KPJIi01Bmqf9NiBeQ9fk5A==",
      "engines": {
        "node": ">=14.6.0",
        "npm": ">=7.13.0"
      }
    },
    "node_modules/nexinterface": {
      "version": "3.0.10",
      "resolved": "https://registry.npmjs.org/nexinterface/-/nexinterface-3.0.10.tgz",
      "integrity": "sha512-q+F+ZoqlIe0NNtzorM2d9YoftsnUOLtqHkXIHcfXzvOZ/vGXi61c1vSVMpwFOfK2xkc20vcWLyNjA3EleEv/Ig==",
      "dependencies": {
        "nexbounce": "^5.0.3",
        "nexstate": "^5.0.7",
        "nexwidget": "^5.0.7",
        "regexparam": "^2.0.0"
      },
      "engines": {
        "node": ">=14.6.0",
        "npm": ">=6.0.0"
      }
    },
    "node_modules/nexstate": {
      "version": "5.0.7",
      "resolved": "https://registry.npmjs.org/nexstate/-/nexstate-5.0.7.tgz",
      "integrity": "sha512-W084/5ubeNcVNQ1rg1Pfe4jhMVq1hiQqySzV9Nsg3BZLxnjJziGLl1c7Lx8uZd7rpAG4nKXsit/xCN908mmNRg==",
      "dependencies": {
        "nexbounce": "^5.0.3"
      },
      "engines": {
        "node": ">=14.6.0",
        "npm": ">=7.13.0"
      }
    },
    "node_modules/nexwidget": {
      "version": "5.0.7",
      "resolved": "https://registry.npmjs.org/nexwidget/-/nexwidget-5.0.7.tgz",
      "integrity": "sha512-+NcG2tvHXmxggv1U8o5OGmUAxI33XFX8/7HwJklxtcdfsj0FkvX6YqIypPQ8uRKadTCuCyn3Q2nos8ny2dhx8g==",
      "dependencies": {
        "lit-html": "^1.4.1",
        "nexbounce": "^5.0.3"
      },
      "engines": {
        "node": ">=14.6.0",
        "npm": ">=6.0.0"
      }
    },
    "node_modules/regexparam": {
      "version": "2.0.0",
      "resolved": "https://registry.npmjs.org/regexparam/-/regexparam-2.0.0.tgz",
      "integrity": "sha512-gJKwd2MVPWHAIFLsaYDZfyKzHNS4o7E/v8YmNf44vmeV2e4YfVoDToTOKTvE7ab68cRJ++kLuEXJBaEeJVt5ow==",
      "engines": {
        "node": ">=8"
      }
    },
    "node_modules/typescript": {
      "version": "4.3.5",
      "resolved": "https://registry.npmjs.org/typescript/-/typescript-4.3.5.tgz",
      "integrity": "sha512-DqQgihaQ9cUrskJo9kIyW/+g0Vxsk8cDtZ52a3NGh0YNTfpUSArXSohyUGnvbPazEPLu398C0UxmKSOrPumUzA==",
      "dev": true,
      "bin": {
        "tsc": "bin/tsc",
        "tsserver": "bin/tsserver"
      },
      "engines": {
        "node": ">=4.2.0"
      }
    }
  },
  "dependencies": {
    "esbuild": {
      "version": "0.12.22",
      "resolved": "https://registry.npmjs.org/esbuild/-/esbuild-0.12.22.tgz",
      "integrity": "sha512-yWCr9RoFehpqoe/+MwZXJpYOEIt7KOEvNnjIeMZpMSyQt+KCBASM3y7yViiN5dJRphf1wGdUz1+M4rTtWd/ulA==",
      "dev": true
    },
    "lit-html": {
      "version": "1.4.1",
      "resolved": "https://registry.npmjs.org/lit-html/-/lit-html-1.4.1.tgz",
      "integrity": "sha512-B9btcSgPYb1q4oSOb/PrOT6Z/H+r6xuNzfH4lFli/AWhYwdtrgQkQWBbIc6mdnf6E2IL3gDXdkkqNktpU0OZQA=="
    },
    "nexbounce": {
      "version": "5.0.3",
      "resolved": "https://registry.npmjs.org/nexbounce/-/nexbounce-5.0.3.tgz",
      "integrity": "sha512-ojtzXY2VeiTyI1Xi9/zJf2Ey5tTwrC6dvY7DxNzFqAVCJNVikgIVEWIEZsXsU4L1KPJIi01Bmqf9NiBeQ9fk5A=="
    },
    "nexinterface": {
      "version": "3.0.10",
      "resolved": "https://registry.npmjs.org/nexinterface/-/nexinterface-3.0.10.tgz",
      "integrity": "sha512-q+F+ZoqlIe0NNtzorM2d9YoftsnUOLtqHkXIHcfXzvOZ/vGXi61c1vSVMpwFOfK2xkc20vcWLyNjA3EleEv/Ig==",
      "requires": {
        "nexbounce": "^5.0.3",
        "nexstate": "^5.0.7",
        "nexwidget": "^5.0.7",
        "regexparam": "^2.0.0"
      }
    },
    "nexstate": {
      "version": "5.0.7",
      "resolved": "https://registry.npmjs.org/nexstate/-/nexstate-5.0.7.tgz",
      "integrity": "sha512-W084/5ubeNcVNQ1rg1Pfe4jhMVq1hiQqySzV9Nsg3BZLxnjJziGLl1c7Lx8uZd7rpAG4nKXsit/xCN908mmNRg==",
      "requires": {
        "nexbounce": "^5.0.3"
      }
    },
    "nexwidget": {
      "version": "5.0.7",
      "resolved": "https://registry.npmjs.org/nexwidget/-/nexwidget-5.0.7.tgz",
      "integrity": "sha512-+NcG2tvHXmxggv1U8o5OGmUAxI33XFX8/7HwJklxtcdfsj0FkvX6YqIypPQ8uRKadTCuCyn3Q2nos8ny2dhx8g==",
      "requires": {
        "lit-html": "^1.4.1",
        "nexbounce": "^5.0.3"
      }
    },
    "regexparam": {
      "version": "2.0.0",
      "resolved": "https://registry.npmjs.org/regexparam/-/regexparam-2.0.0.tgz",
      "integrity": "sha512-gJKwd2MVPWHAIFLsaYDZfyKzHNS4o7E/v8YmNf44vmeV2e4YfVoDToTOKTvE7ab68cRJ++kLuEXJBaEeJVt5ow=="
    },
    "typescript": {
      "version": "4.3.5",
      "resolved": "https://registry.npmjs.org/typescript/-/typescript-4.3.5.tgz",
      "integrity": "sha512-DqQgihaQ9cUrskJo9kIyW/+g0Vxsk8cDtZ52a3NGh0YNTfpUSArXSohyUGnvbPazEPLu398C0UxmKSOrPumUzA==",
      "dev": true
    }
  }
}
