{
  "name": "course-selection-app",
  "version": "1.0.0",
  "lockfileVersion": 2,
  "requires": true,
  "packages": {
    "": {
      "version": "1.0.0",
      "license": "MIT",
      "dependencies": {
        "lit-html": "^1.4.1",
        "nexinterface": "^3.3.12",
        "nexstate": "^5.1.9",
        "nexwidget": "^5.1.9"
      },
      "devDependencies": {
        "typescript": "^4.4.2"
      }
    },
    "node_modules/lit-html": {
      "version": "1.4.1",
      "resolved": "https://registry.npmjs.org/lit-html/-/lit-html-1.4.1.tgz",
      "integrity": "sha512-B9btcSgPYb1q4oSOb/PrOT6Z/H+r6xuNzfH4lFli/AWhYwdtrgQkQWBbIc6mdnf6E2IL3gDXdkkqNktpU0OZQA=="
    },
    "node_modules/nexbounce": {
      "version": "5.1.9",
      "resolved": "https://registry.npmjs.org/nexbounce/-/nexbounce-5.1.9.tgz",
      "integrity": "sha512-XsTgcqpIrDKRNMbdznjoDCx5cen6Ln0IIllYnoAFhIgfkEaVfPKHS4RLkJT6HdIfDTvQtoRh5Nw82gzu6pBv5Q=="
    },
    "node_modules/nexinterface": {
      "version": "3.3.12",
      "resolved": "https://registry.npmjs.org/nexinterface/-/nexinterface-3.3.12.tgz",
      "integrity": "sha512-Tup+baefr6TZBNdwjLoGpnmWzCozOTNpSLnGjZ5n33K5vj7+Ry/weD1sMjm59h8PjKdBwrvcOTqjYvrhtCPvog==",
      "dependencies": {
        "nexbounce": "^5.1.9",
        "nexstate": "^5.1.9",
        "nexwidget": "^5.1.9"
      }
    },
    "node_modules/nexstate": {
      "version": "5.1.9",
      "resolved": "https://registry.npmjs.org/nexstate/-/nexstate-5.1.9.tgz",
      "integrity": "sha512-LOvstVA42DMdIL89KFWGK7C1FMNbX0SWz5qOUlrEHtpns3im1z+2Ll6Rk/srQbl5qaxLUweq88D+90Rxpe+iZw==",
      "dependencies": {
        "nexbounce": "^5.1.9"
      }
    },
    "node_modules/nexwidget": {
      "version": "5.1.9",
      "resolved": "https://registry.npmjs.org/nexwidget/-/nexwidget-5.1.9.tgz",
      "integrity": "sha512-kC9kQiKP1gwxgCmfron3VimGXuPMvvucCsagTVigbe11mj4jJ7yuCxErNUUNXfPrEDIycsqv6d3fs0RWhecx6Q==",
      "dependencies": {
        "lit-html": "^1.4.1",
        "nexbounce": "^5.1.9"
      }
    },
    "node_modules/typescript": {
      "version": "4.4.2",
      "resolved": "https://registry.npmjs.org/typescript/-/typescript-4.4.2.tgz",
      "integrity": "sha512-gzP+t5W4hdy4c+68bfcv0t400HVJMMd2+H9B7gae1nQlBzCqvrXX+6GL/b3GAgyTH966pzrZ70/fRjwAtZksSQ==",
      "dev": true,
      "bin": {
        "tsc": "bin/tsc",
        "tsserver": "bin/tsserver"
      },
      "engines": {
        "node": ">=4.2.0"
      }
    }
  },
  "dependencies": {
    "lit-html": {
      "version": "1.4.1",
      "resolved": "https://registry.npmjs.org/lit-html/-/lit-html-1.4.1.tgz",
      "integrity": "sha512-B9btcSgPYb1q4oSOb/PrOT6Z/H+r6xuNzfH4lFli/AWhYwdtrgQkQWBbIc6mdnf6E2IL3gDXdkkqNktpU0OZQA=="
    },
    "nexbounce": {
      "version": "5.1.9",
      "resolved": "https://registry.npmjs.org/nexbounce/-/nexbounce-5.1.9.tgz",
      "integrity": "sha512-XsTgcqpIrDKRNMbdznjoDCx5cen6Ln0IIllYnoAFhIgfkEaVfPKHS4RLkJT6HdIfDTvQtoRh5Nw82gzu6pBv5Q=="
    },
    "nexinterface": {
      "version": "3.3.12",
      "resolved": "https://registry.npmjs.org/nexinterface/-/nexinterface-3.3.12.tgz",
      "integrity": "sha512-Tup+baefr6TZBNdwjLoGpnmWzCozOTNpSLnGjZ5n33K5vj7+Ry/weD1sMjm59h8PjKdBwrvcOTqjYvrhtCPvog==",
      "requires": {
        "nexbounce": "^5.1.9",
        "nexstate": "^5.1.9",
        "nexwidget": "^5.1.9"
      }
    },
    "nexstate": {
      "version": "5.1.9",
      "resolved": "https://registry.npmjs.org/nexstate/-/nexstate-5.1.9.tgz",
      "integrity": "sha512-LOvstVA42DMdIL89KFWGK7C1FMNbX0SWz5qOUlrEHtpns3im1z+2Ll6Rk/srQbl5qaxLUweq88D+90Rxpe+iZw==",
      "requires": {
        "nexbounce": "^5.1.9"
      }
    },
    "nexwidget": {
      "version": "5.1.9",
      "resolved": "https://registry.npmjs.org/nexwidget/-/nexwidget-5.1.9.tgz",
      "integrity": "sha512-kC9kQiKP1gwxgCmfron3VimGXuPMvvucCsagTVigbe11mj4jJ7yuCxErNUUNXfPrEDIycsqv6d3fs0RWhecx6Q==",
      "requires": {
        "lit-html": "^1.4.1",
        "nexbounce": "^5.1.9"
      }
    },
    "typescript": {
      "version": "4.4.2",
      "resolved": "https://registry.npmjs.org/typescript/-/typescript-4.4.2.tgz",
      "integrity": "sha512-gzP+t5W4hdy4c+68bfcv0t400HVJMMd2+H9B7gae1nQlBzCqvrXX+6GL/b3GAgyTH966pzrZ70/fRjwAtZksSQ==",
      "dev": true
    }
  }
}
