{
  "name": "course-selection-app",
  "version": "1.0.0",
  "lockfileVersion": 2,
  "requires": true,
  "packages": {
    "": {
      "version": "1.0.0",
      "license": "MIT",
      "dependencies": {
        "lit-html": "^1.4.1",
        "nexinterface": "^5.1.5",
        "nexstate": "^6.0.6",
        "nexwidget": "^6.0.6"
      },
      "devDependencies": {
        "prettier": "^2.4.0",
        "typescript": "^4.4.3"
      }
    },
    "node_modules/lit-html": {
      "version": "1.4.1",
      "resolved": "https://registry.npmjs.org/lit-html/-/lit-html-1.4.1.tgz",
      "integrity": "sha512-B9btcSgPYb1q4oSOb/PrOT6Z/H+r6xuNzfH4lFli/AWhYwdtrgQkQWBbIc6mdnf6E2IL3gDXdkkqNktpU0OZQA=="
    },
    "node_modules/nexbounce": {
      "version": "6.0.4",
      "resolved": "https://registry.npmjs.org/nexbounce/-/nexbounce-6.0.4.tgz",
      "integrity": "sha512-yquGMiawr1vuS0U1u2y0lRQ0cybgWhGnVC0PC2o5z2d6kdBoCkismAZ5QjAGvz49aNT2sbn/Lp/sAjFTQKTrdg=="
    },
    "node_modules/nexinterface": {
      "version": "5.1.5",
      "resolved": "https://registry.npmjs.org/nexinterface/-/nexinterface-5.1.5.tgz",
      "integrity": "sha512-qiWSEQ98t2uS+gpripEeDotcIwCWN7PQX8hH4Xel4EBYwjM1/RXT7NZVuzLqnGYuFtt+sD+XI1vCJ9HplfXvWQ==",
      "dependencies": {
        "nexbounce": "^6.0.4",
        "nexstate": "^6.0.6",
        "nexwidget": "^6.0.6"
      }
    },
    "node_modules/nexstate": {
      "version": "6.0.6",
      "resolved": "https://registry.npmjs.org/nexstate/-/nexstate-6.0.6.tgz",
      "integrity": "sha512-CBqSBkmLM8tfkYuHAbqmh9dq2R0jASUoHOeiE2/KoA8YQMi/cZKf5LPp8mPKxgDayUdHP2PJsJ4F88rcBLjQ4w==",
      "dependencies": {
        "nexbounce": "^6.0.4"
      }
    },
    "node_modules/nexwidget": {
      "version": "6.0.6",
      "resolved": "https://registry.npmjs.org/nexwidget/-/nexwidget-6.0.6.tgz",
      "integrity": "sha512-RBiPB24E8IYP2lzr9C+upSTAHE8T33Az/e5joyW1qmphZH/B+LtkH6wLQj56vvytrSEWYhtY3YkqmLSiZzJ1uQ==",
      "dependencies": {
        "lit-html": "^1.4.1",
        "nexbounce": "^6.0.4"
      }
    },
    "node_modules/prettier": {
      "version": "2.4.0",
      "resolved": "https://registry.npmjs.org/prettier/-/prettier-2.4.0.tgz",
      "integrity": "sha512-DsEPLY1dE5HF3BxCRBmD4uYZ+5DCbvatnolqTqcxEgKVZnL2kUfyu7b8pPQ5+hTBkdhU9SLUmK0/pHb07RE4WQ==",
      "dev": true,
      "bin": {
        "prettier": "bin-prettier.js"
      },
      "engines": {
        "node": ">=10.13.0"
      }
    },
    "node_modules/typescript": {
      "version": "4.4.3",
      "resolved": "https://registry.npmjs.org/typescript/-/typescript-4.4.3.tgz",
      "integrity": "sha512-4xfscpisVgqqDfPaJo5vkd+Qd/ItkoagnHpufr+i2QCHBsNYp+G7UAoyFl8aPtx879u38wPV65rZ8qbGZijalA==",
      "dev": true,
      "bin": {
        "tsc": "bin/tsc",
        "tsserver": "bin/tsserver"
      },
      "engines": {
        "node": ">=4.2.0"
      }
    }
  },
  "dependencies": {
    "lit-html": {
      "version": "1.4.1",
      "resolved": "https://registry.npmjs.org/lit-html/-/lit-html-1.4.1.tgz",
      "integrity": "sha512-B9btcSgPYb1q4oSOb/PrOT6Z/H+r6xuNzfH4lFli/AWhYwdtrgQkQWBbIc6mdnf6E2IL3gDXdkkqNktpU0OZQA=="
    },
    "nexbounce": {
      "version": "6.0.4",
      "resolved": "https://registry.npmjs.org/nexbounce/-/nexbounce-6.0.4.tgz",
      "integrity": "sha512-yquGMiawr1vuS0U1u2y0lRQ0cybgWhGnVC0PC2o5z2d6kdBoCkismAZ5QjAGvz49aNT2sbn/Lp/sAjFTQKTrdg=="
    },
    "nexinterface": {
      "version": "5.1.5",
      "resolved": "https://registry.npmjs.org/nexinterface/-/nexinterface-5.1.5.tgz",
      "integrity": "sha512-qiWSEQ98t2uS+gpripEeDotcIwCWN7PQX8hH4Xel4EBYwjM1/RXT7NZVuzLqnGYuFtt+sD+XI1vCJ9HplfXvWQ==",
      "requires": {
        "nexbounce": "^6.0.4",
        "nexstate": "^6.0.6",
        "nexwidget": "^6.0.6"
      }
    },
    "nexstate": {
      "version": "6.0.6",
      "resolved": "https://registry.npmjs.org/nexstate/-/nexstate-6.0.6.tgz",
      "integrity": "sha512-CBqSBkmLM8tfkYuHAbqmh9dq2R0jASUoHOeiE2/KoA8YQMi/cZKf5LPp8mPKxgDayUdHP2PJsJ4F88rcBLjQ4w==",
      "requires": {
        "nexbounce": "^6.0.4"
      }
    },
    "nexwidget": {
      "version": "6.0.6",
      "resolved": "https://registry.npmjs.org/nexwidget/-/nexwidget-6.0.6.tgz",
      "integrity": "sha512-RBiPB24E8IYP2lzr9C+upSTAHE8T33Az/e5joyW1qmphZH/B+LtkH6wLQj56vvytrSEWYhtY3YkqmLSiZzJ1uQ==",
      "requires": {
        "lit-html": "^1.4.1",
        "nexbounce": "^6.0.4"
      }
    },
    "prettier": {
      "version": "2.4.0",
      "resolved": "https://registry.npmjs.org/prettier/-/prettier-2.4.0.tgz",
      "integrity": "sha512-DsEPLY1dE5HF3BxCRBmD4uYZ+5DCbvatnolqTqcxEgKVZnL2kUfyu7b8pPQ5+hTBkdhU9SLUmK0/pHb07RE4WQ==",
      "dev": true
    },
    "typescript": {
      "version": "4.4.3",
      "resolved": "https://registry.npmjs.org/typescript/-/typescript-4.4.3.tgz",
      "integrity": "sha512-4xfscpisVgqqDfPaJo5vkd+Qd/ItkoagnHpufr+i2QCHBsNYp+G7UAoyFl8aPtx879u38wPV65rZ8qbGZijalA==",
      "dev": true
    }
  }
}
